
Microsoft Visual Studio Solution File, Format Version 12.00
# Visual Studio 15
VisualStudioVersion = 15.0.26730.12
MinimumVisualStudioVersion = 10.0.40219.1
Project("{FAE04EC0-301F-11D3-BF4B-00C04F79EFBC}") = "music_ap", "music_ap\music_ap.csproj", "{612AEEAC-5C16-4B82-9FA5-D92B8D61D045}"
EndProject
Global
	GlobalSection(SolutionConfigurationPlatforms) = preSolution
		Debug|Any CPU = Debug|Any CPU
		Release|Any CPU = Release|Any CPU
	EndGlobalSection
	GlobalSection(ProjectConfigurationPlatforms) = postSolution
		{612AEEAC-5C16-4B82-9FA5-D92B8D61D045}.Debug|Any CPU.ActiveCfg = Debug|Any CPU
		{612AEEAC-5C16-4B82-9FA5-D92B8D61D045}.Debug|Any CPU.Build.0 = Debug|Any CPU
		{612AEEAC-5C16-4B82-9FA5-D92B8D61D045}.Release|Any CPU.ActiveCfg = Release|Any CPU
		{612AEEAC-5C16-4B82-9FA5-D92B8D61D045}.Release|Any CPU.Build.0 = Release|Any CPU
	EndGlobalSection
	GlobalSection(SolutionProperties) = preSolution
		HideSolutionNode = FALSE
	EndGlobalSection
	GlobalSection(ExtensibilityGlobals) = postSolution
		SolutionGuid = {01344B1F-2518-4756-8C3F-D676BFDCD9D5}
	EndGlobalSection
EndGlobal
